
Microsoft Visual Studio Solution File, Format Version 12.00
# Visual Studio Version 17
VisualStudioVersion = 17.9.34414.90
MinimumVisualStudioVersion = 10.0.40219.1
Project("{2150E333-8FDC-42A3-9474-1A3956D46DE8}") = "src", "src", "{C1434590-A95C-47AE-A3D6-EDC1FE9D7AF3}"
EndProject
Project("{2150E333-8FDC-42A3-9474-1A3956D46DE8}") = "Mqtt", "Mqtt", "{C6FAA3E0-AC87-4FEA-9699-3AC9534FBA0D}"
EndProject
Project("{9A19103F-16F7-4668-BE54-9A1E7A4F7556}") = "DataAccess", "src\Mqtt\DataAccess\DataAccess.csproj", "{5864FEBC-B96E-46B1-9216-48B5385836F9}"
EndProject
Project("{9A19103F-16F7-4668-BE54-9A1E7A4F7556}") = "Infrastructure", "src\Infrastructure\Infrastructure.csproj", "{C4562913-07E9-4C4D-8700-DB3D82AF5B3B}"
EndProject
Project("{2150E333-8FDC-42A3-9474-1A3956D46DE8}") = "tests", "tests", "{00A02AAD-F349-4E36-83E2-2CC02AE68AA7}"
EndProject
Project("{9A19103F-16F7-4668-BE54-9A1E7A4F7556}") = "InfrastructureTests", "tests\InfrastructureTests\InfrastructureTests.csproj", "{35AFB99B-CF2F-46C1-9033-2307BCCA1CFC}"
EndProject
Project("{2150E333-8FDC-42A3-9474-1A3956D46DE8}") = "Solution Items", "Solution Items", "{D3E94627-409F-46CB-833A-A65969507AD6}"
	ProjectSection(SolutionItems) = preProject
		.editorconfig = .editorconfig
		Directory.Build.props = Directory.Build.props
		Directory.Packages.props = Directory.Packages.props
		src\Solution Items\GlobalSuppressions.cs = src\Solution Items\GlobalSuppressions.cs
		src\Solution Items\GlobalUsings.cs = src\Solution Items\GlobalUsings.cs
	EndProjectSection
EndProject
Project("{9A19103F-16F7-4668-BE54-9A1E7A4F7556}") = "Application", "src\Mqtt\Application\Application.csproj", "{98DA2144-3852-42BB-9379-FBB9EE1B336D}"
EndProject
Project("{9A19103F-16F7-4668-BE54-9A1E7A4F7556}") = "API", "src\Mqtt\API\API.csproj", "{010F76AF-9AA1-44AF-9B4B-CE7561679B48}"
EndProject
Project("{9A19103F-16F7-4668-BE54-9A1E7A4F7556}") = "Monitor", "src\Mqtt\Listener\Monitor.csproj", "{262352C3-CDCA-4B5E-9E17-A1F44D2B12ED}"
EndProject
Project("{9A19103F-16F7-4668-BE54-9A1E7A4F7556}") = "Domain", "src\Mqtt\Domain\Domain.csproj", "{55293127-19B9-466C-9A7F-F6F6493B9A2F}"
EndProject
Project("{E53339B2-1760-4266-BCC7-CA923CBCF16C}") = "docker-compose", "docker-compose.dcproj", "{A49B0884-D7D4-476A-8C22-8D601AC339FA}"
EndProject
Global
	GlobalSection(SolutionConfigurationPlatforms) = preSolution
		Debug|Any CPU = Debug|Any CPU
		Release|Any CPU = Release|Any CPU
	EndGlobalSection
	GlobalSection(ProjectConfigurationPlatforms) = postSolution
		{5864FEBC-B96E-46B1-9216-48B5385836F9}.Debug|Any CPU.ActiveCfg = Debug|Any CPU
		{5864FEBC-B96E-46B1-9216-48B5385836F9}.Debug|Any CPU.Build.0 = Debug|Any CPU
		{5864FEBC-B96E-46B1-9216-48B5385836F9}.Release|Any CPU.ActiveCfg = Release|Any CPU
		{5864FEBC-B96E-46B1-9216-48B5385836F9}.Release|Any CPU.Build.0 = Release|Any CPU
		{C4562913-07E9-4C4D-8700-DB3D82AF5B3B}.Debug|Any CPU.ActiveCfg = Debug|Any CPU
		{C4562913-07E9-4C4D-8700-DB3D82AF5B3B}.Debug|Any CPU.Build.0 = Debug|Any CPU
		{C4562913-07E9-4C4D-8700-DB3D82AF5B3B}.Release|Any CPU.ActiveCfg = Release|Any CPU
		{C4562913-07E9-4C4D-8700-DB3D82AF5B3B}.Release|Any CPU.Build.0 = Release|Any CPU
		{35AFB99B-CF2F-46C1-9033-2307BCCA1CFC}.Debug|Any CPU.ActiveCfg = Debug|Any CPU
		{35AFB99B-CF2F-46C1-9033-2307BCCA1CFC}.Debug|Any CPU.Build.0 = Debug|Any CPU
		{35AFB99B-CF2F-46C1-9033-2307BCCA1CFC}.Release|Any CPU.ActiveCfg = Release|Any CPU
		{35AFB99B-CF2F-46C1-9033-2307BCCA1CFC}.Release|Any CPU.Build.0 = Release|Any CPU
		{98DA2144-3852-42BB-9379-FBB9EE1B336D}.Debug|Any CPU.ActiveCfg = Debug|Any CPU
		{98DA2144-3852-42BB-9379-FBB9EE1B336D}.Debug|Any CPU.Build.0 = Debug|Any CPU
		{98DA2144-3852-42BB-9379-FBB9EE1B336D}.Release|Any CPU.ActiveCfg = Release|Any CPU
		{98DA2144-3852-42BB-9379-FBB9EE1B336D}.Release|Any CPU.Build.0 = Release|Any CPU
		{010F76AF-9AA1-44AF-9B4B-CE7561679B48}.Debug|Any CPU.ActiveCfg = Debug|Any CPU
		{010F76AF-9AA1-44AF-9B4B-CE7561679B48}.Debug|Any CPU.Build.0 = Debug|Any CPU
		{010F76AF-9AA1-44AF-9B4B-CE7561679B48}.Release|Any CPU.ActiveCfg = Release|Any CPU
		{010F76AF-9AA1-44AF-9B4B-CE7561679B48}.Release|Any CPU.Build.0 = Release|Any CPU
		{262352C3-CDCA-4B5E-9E17-A1F44D2B12ED}.Debug|Any CPU.ActiveCfg = Debug|Any CPU
		{262352C3-CDCA-4B5E-9E17-A1F44D2B12ED}.Debug|Any CPU.Build.0 = Debug|Any CPU
		{262352C3-CDCA-4B5E-9E17-A1F44D2B12ED}.Release|Any CPU.ActiveCfg = Release|Any CPU
		{262352C3-CDCA-4B5E-9E17-A1F44D2B12ED}.Release|Any CPU.Build.0 = Release|Any CPU
		{55293127-19B9-466C-9A7F-F6F6493B9A2F}.Debug|Any CPU.ActiveCfg = Debug|Any CPU
		{55293127-19B9-466C-9A7F-F6F6493B9A2F}.Debug|Any CPU.Build.0 = Debug|Any CPU
		{55293127-19B9-466C-9A7F-F6F6493B9A2F}.Release|Any CPU.ActiveCfg = Release|Any CPU
		{55293127-19B9-466C-9A7F-F6F6493B9A2F}.Release|Any CPU.Build.0 = Release|Any CPU
		{A49B0884-D7D4-476A-8C22-8D601AC339FA}.Debug|Any CPU.ActiveCfg = Debug|Any CPU
		{A49B0884-D7D4-476A-8C22-8D601AC339FA}.Debug|Any CPU.Build.0 = Debug|Any CPU
		{A49B0884-D7D4-476A-8C22-8D601AC339FA}.Release|Any CPU.ActiveCfg = Release|Any CPU
		{A49B0884-D7D4-476A-8C22-8D601AC339FA}.Release|Any CPU.Build.0 = Release|Any CPU
	EndGlobalSection
	GlobalSection(SolutionProperties) = preSolution
		HideSolutionNode = FALSE
	EndGlobalSection
	GlobalSection(NestedProjects) = preSolution
		{C6FAA3E0-AC87-4FEA-9699-3AC9534FBA0D} = {C1434590-A95C-47AE-A3D6-EDC1FE9D7AF3}
		{5864FEBC-B96E-46B1-9216-48B5385836F9} = {C6FAA3E0-AC87-4FEA-9699-3AC9534FBA0D}
		{C4562913-07E9-4C4D-8700-DB3D82AF5B3B} = {C1434590-A95C-47AE-A3D6-EDC1FE9D7AF3}
		{35AFB99B-CF2F-46C1-9033-2307BCCA1CFC} = {00A02AAD-F349-4E36-83E2-2CC02AE68AA7}
		{98DA2144-3852-42BB-9379-FBB9EE1B336D} = {C6FAA3E0-AC87-4FEA-9699-3AC9534FBA0D}
		{010F76AF-9AA1-44AF-9B4B-CE7561679B48} = {C6FAA3E0-AC87-4FEA-9699-3AC9534FBA0D}
		{262352C3-CDCA-4B5E-9E17-A1F44D2B12ED} = {C6FAA3E0-AC87-4FEA-9699-3AC9534FBA0D}
		{55293127-19B9-466C-9A7F-F6F6493B9A2F} = {C6FAA3E0-AC87-4FEA-9699-3AC9534FBA0D}
	EndGlobalSection
	GlobalSection(ExtensibilityGlobals) = postSolution
		SolutionGuid = {ED29EBFA-1421-4541-BBEE-C22996291CDC}
	EndGlobalSection
EndGlobal
