
Microsoft Visual Studio Solution File, Format Version 12.00
# Visual Studio Version 17
VisualStudioVersion = 17.9.34414.90
MinimumVisualStudioVersion = 10.0.40219.1
Project("{2150E333-8FDC-42A3-9474-1A3956D46DE8}") = "src", "src", "{C1434590-A95C-47AE-A3D6-EDC1FE9D7AF3}"
EndProject
Project("{FAE04EC0-301F-11D3-BF4B-00C04F79EFBC}") = "BackgroundServices", "BackgroundServices\BackgroundServices.csproj", "{0015D605-ABB0-46A7-A2F1-0A4912473AF8}"
EndProject
Global
	GlobalSection(SolutionConfigurationPlatforms) = preSolution
		Debug|Any CPU = Debug|Any CPU
		Release|Any CPU = Release|Any CPU
	EndGlobalSection
	GlobalSection(ProjectConfigurationPlatforms) = postSolution
		{0015D605-ABB0-46A7-A2F1-0A4912473AF8}.Debug|Any CPU.ActiveCfg = Debug|Any CPU
		{0015D605-ABB0-46A7-A2F1-0A4912473AF8}.Debug|Any CPU.Build.0 = Debug|Any CPU
		{0015D605-ABB0-46A7-A2F1-0A4912473AF8}.Release|Any CPU.ActiveCfg = Release|Any CPU
		{0015D605-ABB0-46A7-A2F1-0A4912473AF8}.Release|Any CPU.Build.0 = Release|Any CPU
	EndGlobalSection
	GlobalSection(SolutionProperties) = preSolution
		HideSolutionNode = FALSE
	EndGlobalSection
	GlobalSection(NestedProjects) = preSolution
		{0015D605-ABB0-46A7-A2F1-0A4912473AF8} = {C1434590-A95C-47AE-A3D6-EDC1FE9D7AF3}
	EndGlobalSection
	GlobalSection(ExtensibilityGlobals) = postSolution
		SolutionGuid = {ED29EBFA-1421-4541-BBEE-C22996291CDC}
	EndGlobalSection
EndGlobal
